# This file is automatically @generated by Poetry and should not be changed by hand.

[[package]]
name = "ffpyplayer"
version = "4.3.5"
description = "A cython implementation of an ffmpeg based player."
category = "main"
optional = false
python-versions = "*"
files = [
    {file = "ffpyplayer-4.3.5-cp310-cp310-macosx_10_9_universal2.whl", hash = "sha256:5227ade460772c61a6e8772b2f118b28b20e7e2271ef169d86a779e07fe1aab6"},
    {file = "ffpyplayer-4.3.5-cp310-cp310-macosx_10_9_x86_64.whl", hash = "sha256:e8477eb12fd7a8f4b61237e445d1840750a4c3d9f0732f099a7929f4143371d3"},
    {file = "ffpyplayer-4.3.5-cp310-cp310-macosx_11_0_arm64.whl", hash = "sha256:f8348e468e20df21f28b0d841d58457de6943ad99048454121fa66fc2fc71672"},
    {file = "ffpyplayer-4.3.5-cp310-cp310-manylinux_2_17_x86_64.manylinux2014_x86_64.whl", hash = "sha256:db49e4012e87613092a04c79f8b3d0ffed59e935ae75df3b6b54ea4f50fb2cf6"},
    {file = "ffpyplayer-4.3.5-cp310-cp310-win_amd64.whl", hash = "sha256:a423652a08909b61d9158f07961d6bee5c4cec5759c306ed1c2227cb743fc851"},
    {file = "ffpyplayer-4.3.5-cp37-cp37m-macosx_10_9_x86_64.whl", hash = "sha256:92246322b48697b7f26c86e5fbb0ce97e7dce4bb9eafbd3ba5348c18dfc0b7e3"},
    {file = "ffpyplayer-4.3.5-cp37-cp37m-manylinux_2_17_x86_64.manylinux2014_x86_64.whl", hash = "sha256:efa28c0905556cd6d4fdac78c99664c4ce47d20a1b225d70e1a8cfee07897695"},
    {file = "ffpyplayer-4.3.5-cp37-cp37m-win_amd64.whl", hash = "sha256:034ea7a08b76cc5fcfc6dee52cc3bd26843efd63b13d312c80396a9be0e2620f"},
    {file = "ffpyplayer-4.3.5-cp38-cp38-macosx_10_9_universal2.whl", hash = "sha256:599b2aa14e5c57fac8a51a918e010a758ffcd58261abc981153e1f63082e69ca"},
    {file = "ffpyplayer-4.3.5-cp38-cp38-macosx_10_9_x86_64.whl", hash = "sha256:091fe97a5b82db0596780069ba273b53ece5971a43b8ae71956e671681bad90d"},
    {file = "ffpyplayer-4.3.5-cp38-cp38-macosx_11_0_arm64.whl", hash = "sha256:207c00dce7c299e654b696a35bc8304efc52d72f1bd0de11beccbbac6a8a01f1"},
    {file = "ffpyplayer-4.3.5-cp38-cp38-manylinux_2_17_x86_64.manylinux2014_x86_64.whl", hash = "sha256:63c2da0639be85b91f6b0ca2a5f95a5035db231c0b94901000b6e234487f534a"},
    {file = "ffpyplayer-4.3.5-cp38-cp38-win_amd64.whl", hash = "sha256:a57bb1dd3eee3ae7915b186a71b7448f3adce24d1a486017eed5ab60c7d72821"},
    {file = "ffpyplayer-4.3.5-cp39-cp39-macosx_10_9_universal2.whl", hash = "sha256:24639be303e92863a3d986a5c7d114602a33bdab48391aa6a4e09a8b08a54db6"},
    {file = "ffpyplayer-4.3.5-cp39-cp39-macosx_10_9_x86_64.whl", hash = "sha256:fc35177f14d88d6f6b523e2ac38a5da81c5529f2d3a3de4b2ed285e390da6bbf"},
    {file = "ffpyplayer-4.3.5-cp39-cp39-macosx_11_0_arm64.whl", hash = "sha256:57c46d8e932868e2f97591be0f141803beafc524dee4218fd18488e0f1f9b7d4"},
    {file = "ffpyplayer-4.3.5-cp39-cp39-manylinux_2_17_x86_64.manylinux2014_x86_64.whl", hash = "sha256:fd1f008c7fb1f7ad4886bdd4f89b301494e8202f4cdb0e47a94b0246f0e0e9d7"},
    {file = "ffpyplayer-4.3.5-cp39-cp39-win_amd64.whl", hash = "sha256:f6e51bdc63ec251cd46d57282f77d8c5599f5359165b6e8d68d06237a7d1e806"},
    {file = "ffpyplayer-4.3.5.tar.gz", hash = "sha256:be6b092e31446830fb1073955d0420a6510952d068da70e6163ad74420f0e434"},
]

[[package]]
name = "numpy"
version = "1.24.1"
description = "Fundamental package for array computing in Python"
category = "main"
optional = false
python-versions = ">=3.8"
files = [
    {file = "numpy-1.24.1-cp310-cp310-macosx_10_9_x86_64.whl", hash = "sha256:179a7ef0889ab769cc03573b6217f54c8bd8e16cef80aad369e1e8185f994cd7"},
    {file = "numpy-1.24.1-cp310-cp310-macosx_11_0_arm64.whl", hash = "sha256:b09804ff570b907da323b3d762e74432fb07955701b17b08ff1b5ebaa8cfe6a9"},
    {file = "numpy-1.24.1-cp310-cp310-manylinux_2_17_aarch64.manylinux2014_aarch64.whl", hash = "sha256:f1b739841821968798947d3afcefd386fa56da0caf97722a5de53e07c4ccedc7"},
    {file = "numpy-1.24.1-cp310-cp310-manylinux_2_17_x86_64.manylinux2014_x86_64.whl", hash = "sha256:0e3463e6ac25313462e04aea3fb8a0a30fb906d5d300f58b3bc2c23da6a15398"},
    {file = "numpy-1.24.1-cp310-cp310-win32.whl", hash = "sha256:b31da69ed0c18be8b77bfce48d234e55d040793cebb25398e2a7d84199fbc7e2"},
    {file = "numpy-1.24.1-cp310-cp310-win_amd64.whl", hash = "sha256:b07b40f5fb4fa034120a5796288f24c1fe0e0580bbfff99897ba6267af42def2"},
    {file = "numpy-1.24.1-cp311-cp311-macosx_10_9_x86_64.whl", hash = "sha256:7094891dcf79ccc6bc2a1f30428fa5edb1e6fb955411ffff3401fb4ea93780a8"},
    {file = "numpy-1.24.1-cp311-cp311-macosx_11_0_arm64.whl", hash = "sha256:28e418681372520c992805bb723e29d69d6b7aa411065f48216d8329d02ba032"},
    {file = "numpy-1.24.1-cp311-cp311-manylinux_2_17_aarch64.manylinux2014_aarch64.whl", hash = "sha256:e274f0f6c7efd0d577744f52032fdd24344f11c5ae668fe8d01aac0422611df1"},
    {file = "numpy-1.24.1-cp311-cp311-manylinux_2_17_x86_64.manylinux2014_x86_64.whl", hash = "sha256:0044f7d944ee882400890f9ae955220d29b33d809a038923d88e4e01d652acd9"},
    {file = "numpy-1.24.1-cp311-cp311-win32.whl", hash = "sha256:442feb5e5bada8408e8fcd43f3360b78683ff12a4444670a7d9e9824c1817d36"},
    {file = "numpy-1.24.1-cp311-cp311-win_amd64.whl", hash = "sha256:de92efa737875329b052982e37bd4371d52cabf469f83e7b8be9bb7752d67e51"},
    {file = "numpy-1.24.1-cp38-cp38-macosx_10_9_x86_64.whl", hash = "sha256:b162ac10ca38850510caf8ea33f89edcb7b0bb0dfa5592d59909419986b72407"},
    {file = "numpy-1.24.1-cp38-cp38-macosx_11_0_arm64.whl", hash = "sha256:26089487086f2648944f17adaa1a97ca6aee57f513ba5f1c0b7ebdabbe2b9954"},
    {file = "numpy-1.24.1-cp38-cp38-manylinux_2_17_aarch64.manylinux2014_aarch64.whl", hash = "sha256:caf65a396c0d1f9809596be2e444e3bd4190d86d5c1ce21f5fc4be60a3bc5b36"},
    {file = "numpy-1.24.1-cp38-cp38-manylinux_2_17_x86_64.manylinux2014_x86_64.whl", hash = "sha256:b0677a52f5d896e84414761531947c7a330d1adc07c3a4372262f25d84af7bf7"},
    {file = "numpy-1.24.1-cp38-cp38-win32.whl", hash = "sha256:dae46bed2cb79a58d6496ff6d8da1e3b95ba09afeca2e277628171ca99b99db1"},
    {file = "numpy-1.24.1-cp38-cp38-win_amd64.whl", hash = "sha256:6ec0c021cd9fe732e5bab6401adea5a409214ca5592cd92a114f7067febcba0c"},
    {file = "numpy-1.24.1-cp39-cp39-macosx_10_9_x86_64.whl", hash = "sha256:28bc9750ae1f75264ee0f10561709b1462d450a4808cd97c013046073ae64ab6"},
    {file = "numpy-1.24.1-cp39-cp39-macosx_11_0_arm64.whl", hash = "sha256:84e789a085aabef2f36c0515f45e459f02f570c4b4c4c108ac1179c34d475ed7"},
    {file = "numpy-1.24.1-cp39-cp39-manylinux_2_17_aarch64.manylinux2014_aarch64.whl", hash = "sha256:8e669fbdcdd1e945691079c2cae335f3e3a56554e06bbd45d7609a6cf568c700"},
    {file = "numpy-1.24.1-cp39-cp39-manylinux_2_17_x86_64.manylinux2014_x86_64.whl", hash = "sha256:ef85cf1f693c88c1fd229ccd1055570cb41cdf4875873b7728b6301f12cd05bf"},
    {file = "numpy-1.24.1-cp39-cp39-win32.whl", hash = "sha256:87a118968fba001b248aac90e502c0b13606721b1343cdaddbc6e552e8dfb56f"},
    {file = "numpy-1.24.1-cp39-cp39-win_amd64.whl", hash = "sha256:ddc7ab52b322eb1e40521eb422c4e0a20716c271a306860979d450decbb51b8e"},
    {file = "numpy-1.24.1-pp38-pypy38_pp73-macosx_10_9_x86_64.whl", hash = "sha256:ed5fb71d79e771ec930566fae9c02626b939e37271ec285e9efaf1b5d4370e7d"},
    {file = "numpy-1.24.1-pp38-pypy38_pp73-manylinux_2_17_x86_64.manylinux2014_x86_64.whl", hash = "sha256:ad2925567f43643f51255220424c23d204024ed428afc5aad0f86f3ffc080086"},
    {file = "numpy-1.24.1-pp38-pypy38_pp73-win_amd64.whl", hash = "sha256:cfa1161c6ac8f92dea03d625c2d0c05e084668f4a06568b77a25a89111621566"},
    {file = "numpy-1.24.1.tar.gz", hash = "sha256:2386da9a471cc00a1f47845e27d916d5ec5346ae9696e01a8a34760858fe9dd2"},
]

[[package]]
name = "opencv-python"
version = "4.7.0.68"
description = "Wrapper package for OpenCV python bindings."
category = "main"
optional = false
python-versions = ">=3.6"
files = [
    {file = "opencv-python-4.7.0.68.tar.gz", hash = "sha256:9829e6efedde1d1b8419c5bd4d62d289ecbf44ae35b843c6da9e3cbcba1a9a8a"},
    {file = "opencv_python-4.7.0.68-cp37-abi3-macosx_10_13_x86_64.whl", hash = "sha256:abc6adfa8694f71a4caffa922b279bd9d96954a37eee40b147f613c64310b411"},
    {file = "opencv_python-4.7.0.68-cp37-abi3-macosx_11_0_arm64.whl", hash = "sha256:86f4b60b9536948f16d2170ba3a9b22d3955a957dc61a9bc56e53692c6db2c7e"},
    {file = "opencv_python-4.7.0.68-cp37-abi3-manylinux_2_17_aarch64.manylinux2014_aarch64.whl", hash = "sha256:6d1c993811f92ddd7919314ada7b9be1f23db1c73f1384915c834dee8549c0b9"},
    {file = "opencv_python-4.7.0.68-cp37-abi3-manylinux_2_17_x86_64.manylinux2014_x86_64.whl", hash = "sha256:3a00e12546e5578f6bb7ed408c37fcfea533d74e9691cfaf40926f6b43295577"},
    {file = "opencv_python-4.7.0.68-cp37-abi3-win32.whl", hash = "sha256:e770e9f653a0e5e72b973adb8213fae2df4642730ba1faf31e73a54287a4d5d4"},
    {file = "opencv_python-4.7.0.68-cp37-abi3-win_amd64.whl", hash = "sha256:7a08f9d1f9dd52de63a7bb448ab7d6d4a1a85b767c2358501d968d1e4d95098d"},
]

[package.dependencies]
numpy = [
    {version = ">=1.21.2", markers = "python_version >= \"3.10\""},
    {version = ">=1.21.4", markers = "python_version >= \"3.10\" and platform_system == \"Darwin\""},
    {version = ">=1.19.3", markers = "python_version >= \"3.6\" and platform_system == \"Linux\" and platform_machine == \"aarch64\" or python_version >= \"3.9\""},
    {version = ">=1.17.0", markers = "python_version >= \"3.7\""},
    {version = ">=1.17.3", markers = "python_version >= \"3.8\""},
]

[[package]]
name = "windows-curses"
version = "2.3.1"
description = "Support for the standard curses module on Windows"
category = "main"
optional = false
python-versions = "*"
files = [
    {file = "windows_curses-2.3.1-cp310-cp310-win32.whl", hash = "sha256:2644f4547ae5124ce5129b66faa59ee0995b7b7205ed5e3920f6ecfef2e46275"},
    {file = "windows_curses-2.3.1-cp310-cp310-win_amd64.whl", hash = "sha256:8b541520895649c0835771775034a2b4edf36da3c3d9381c5022b5b4f9a5014e"},
    {file = "windows_curses-2.3.1-cp311-cp311-win32.whl", hash = "sha256:25e7ff3d77aed6c747456b06fbc1528d67fc59d1ef3be9ca244774e65e6bdbb2"},
    {file = "windows_curses-2.3.1-cp311-cp311-win_amd64.whl", hash = "sha256:395656bfe88d6f60cb18604605d423e0f2d1c3a8f550507dca5877a9d0b3a0f3"},
    {file = "windows_curses-2.3.1-cp36-cp36m-win32.whl", hash = "sha256:6ea8e1c4536fee248ee3f88e5010871df749932b7e829e2f012e5d23bd2fe31d"},
    {file = "windows_curses-2.3.1-cp36-cp36m-win_amd64.whl", hash = "sha256:59856b41676c4b3eb527eb6b1478803d4dc92413b2e63aea762407807ffcd3ac"},
    {file = "windows_curses-2.3.1-cp37-cp37m-win32.whl", hash = "sha256:9cd0ba6efde23930736eff45a0aa0af6fd82e60b4787a46157ef4956d2c52b06"},
    {file = "windows_curses-2.3.1-cp37-cp37m-win_amd64.whl", hash = "sha256:f9a7fcd03934e40238f9bbeddae51e3fdc442f28bca50afccdc521245ed39439"},
    {file = "windows_curses-2.3.1-cp38-cp38-win32.whl", hash = "sha256:5c55ebafdb402cfa927174a03d651cd1b1e76d6e6cf71818f9d3378636c00e74"},
    {file = "windows_curses-2.3.1-cp38-cp38-win_amd64.whl", hash = "sha256:a551aaa09d6ec28f64ade8e85fd0c52880c8e9114729a79c34803104e49bed71"},
    {file = "windows_curses-2.3.1-cp39-cp39-win32.whl", hash = "sha256:aab7e28133bf81769cddf8b3c3c8ab89e76cd43effd371c6370e918b6dfccf1b"},
    {file = "windows_curses-2.3.1-cp39-cp39-win_amd64.whl", hash = "sha256:85675de4ae7058348140daae83a8a7b81147a84ef9ab699307b3168f9490292f"},
]

[metadata]
lock-version = "2.0"
python-versions = "^3.10"
content-hash = "c9b56136dae14248d1e5b068fe81461b3412dea3ab8f18d78905cab27a6cd367"
